<?xml version="1.0" encoding="utf-8"?>
<Project ToolsVersion="12.0" xmlns="http://schemas.microsoft.com/developer/msbuild/2003">
  <ItemGroup>
    <Filter Include="doc">
      <UniqueIdentifier>{bd80d2f0-aa7d-498e-b4f7-fca7f5bf0599}</UniqueIdentifier>
    </Filter>
    <Filter Include="SOAP">
      <UniqueIdentifier>{0248cdeb-7dcb-4863-baa9-2930d855afa5}</UniqueIdentifier>
    </Filter>
  </ItemGroup>
  <ItemGroup>
    <None Include="..\..\AUTHORS">
      <Filter>doc</Filter>
    </None>
    <None Include="..\..\ChangeLog">
      <Filter>doc</Filter>
    </None>
    <None Include="..\..\COPYING">
      <Filter>doc</Filter>
    </None>
    <None Include="..\..\INSTALL">
      <Filter>doc</Filter>
    </None>
    <None Include="..\..\NEWS">
      <Filter>doc</Filter>
    </None>
    <None Include="..\..\README">
      <Filter>doc</Filter>
    </None>
    <None Include="..\..\THANKS">
      <Filter>doc</Filter>
    </None>
    <None Include="..\..\WARNING">
      <Filter>doc</Filter>
    </None>
  </ItemGroup>
  <ItemGroup>
    <ClCompile Include="..\..\src\mangosd\CliRunnable.cpp" />
    <ClCompile Include="..\..\src\mangosd\Main.cpp" />
    <ClCompile Include="..\..\src\mangosd\soapC.cpp">
      <Filter>SOAP</Filter>
    </ClCompile>
    <ClCompile Include="..\..\src\mangosd\soapServer.cpp">
      <Filter>SOAP</Filter>
    </ClCompile>
    <ClCompile Include="..\..\dep\src\gsoap\stdsoap2.cpp">
      <Filter>SOAP</Filter>
    </ClCompile>
    <ClCompile Include="..\..\src\mangosd\MaNGOSsoap.cpp">
      <Filter>SOAP</Filter>
    </ClCompile>
    <ClCompile Include="..\..\src\mangosd\RemoteAdministration.cpp" />
  </ItemGroup>
  <ItemGroup>
    <ClInclude Include="..\..\src\mangosd\CliRunnable.h" />
    <ClInclude Include="..\..\dep\include\gsoap\stdsoap2.h">
      <Filter>SOAP</Filter>
    </ClInclude>
    <ClInclude Include="..\..\src\mangosd\soapH.h">
      <Filter>SOAP</Filter>
    </ClInclude>
    <ClInclude Include="..\..\src\mangosd\soapStub.h">
      <Filter>SOAP</Filter>
    </ClInclude>
    <ClInclude Include="..\..\src\mangosd\MaNGOSsoap.h">
      <Filter>SOAP</Filter>
    </ClInclude>
    <ClInclude Include="..\..\src\mangosd\RemoteAdministration.h" />
    <ClInclude Include="..\..\src\mangosd\FreezeDetector.h" />
  </ItemGroup>
  <ItemGroup>
    <ResourceCompile Include="..\..\src\mangosd\mangosd.rc" />
  </ItemGroup>
</Project>